{
  "version": 4,
  "terraform_version": "1.14.4",
  "serial": 4,
  "lineage": "02ae8e40-b49b-209f-b66d-b167e9173402",
  "outputs": {},
  "resources": [
    {
      "mode": "managed",
      "type": "local_file",
      "name": "files",
      "provider": "provider[\"registry.terraform.io/hashicorp/local\"]",
      "instances": [
        {
          "index_key": "apple",
          "schema_version": 0,
          "attributes": {
            "content": "This is file apple",
            "content_base64": null,
            "content_base64sha256": "HtBlsxFmENuyyscm7FKiZaCWp/lOHyW6Sese2+BC6CA=",
            "content_base64sha512": "zxCYC6jj32pErOCeo/oIXWpXFburq+J+VLYvUtYrUDz9zuLY8o8uyyZe1rcJcb6xYsVdigC0sFGUtnxme75ZsQ==",
            "content_md5": "5fd64c3f06b2ef6516ab6f487af8fde7",
            "content_sha1": "47bbaf96ecd87480fc52d662b2d8ecd19f669ac5",
            "content_sha256": "1ed065b3116610dbb2cac726ec52a265a096a7f94e1f25ba49eb1edbe042e820",
            "content_sha512": "cf10980ba8e3df6a44ace09ea3fa085d6a5715bbababe27e54b62f52d62b503cfdcee2d8f28f2ecb265ed6b70971beb162c55d8a00b4b05194b67c667bbe59b1",
            "directory_permission": "0777",
            "file_permission": "0777",
            "filename": "apple.txt",
            "id": "47bbaf96ecd87480fc52d662b2d8ecd19f669ac5",
            "sensitive_content": null,
            "source": null
          },
          "sensitive_attributes": [
            [
              {
                "type": "get_attr",
                "value": "sensitive_content"
              }
            ]
          ],
          "identity_schema_version": 0
        },
        {
          "index_key": "banana",
          "schema_version": 0,
          "attributes": {
            "content": "This is file banana",
            "content_base64": null,
            "content_base64sha256": "VqZJuwpmDh/zWL7r1p9v8SePt7SmfURCsQ+xn6qqNFI=",
            "content_base64sha512": "M+1QMd7mS7lWlej3OyYyt8Eup7f5XQnpbBsn6QizraOImoClxu1YIfY4HkZBdN4vaVMcKqSaZq8LWpIpiW1H3w==",
            "content_md5": "c35fa252ee4ff1aa08c48b7c8e6a0697",
            "content_sha1": "76f7f120a1b6ddfbb9b5350cba3151999171a23a",
            "content_sha256": "56a649bb0a660e1ff358beebd69f6ff1278fb7b4a67d4442b10fb19faaaa3452",
            "content_sha512": "33ed5031dee64bb95695e8f73b2632b7c12ea7b7f95d09e96c1b27e908b3ada3889a80a5c6ed5821f6381e464174de2f69531c2aa49a66af0b5a9229896d47df",
            "directory_permission": "0777",
            "file_permission": "0777",
            "filename": "banana.txt",
            "id": "76f7f120a1b6ddfbb9b5350cba3151999171a23a",
            "sensitive_content": null,
            "source": null
          },
          "sensitive_attributes": [
            [
              {
                "type": "get_attr",
                "value": "sensitive_content"
              }
            ]
          ],
          "identity_schema_version": 0
        },
        {
          "index_key": "orange",
          "schema_version": 0,
          "attributes": {
            "content": "This is file orange",
            "content_base64": null,
            "content_base64sha256": "TmzFhrdaAsE9l9gZIHo6B1vKN67voTGOi7hlUw+KObo=",
            "content_base64sha512": "RCJTo3ma5kMANjkSjAnaMJbpHrW7eENEmeEdJJLEhgEyVBq77vLFPQgGYrfuV88vbTBkPz4u+knwSqqFFU3w8g==",
            "content_md5": "341ab929250d9c142723b347ad101235",
            "content_sha1": "e4060d7f8d85e06468461ade5a2a3152e99bd108",
            "content_sha256": "4e6cc586b75a02c13d97d819207a3a075bca37aeefa1318e8bb865530f8a39ba",
            "content_sha512": "442253a3799ae643003639128c09da3096e91eb5bb78434499e11d2492c4860132541abbeef2c53d080662b7ee57cf2f6d30643f3e2efa49f04aaa85154df0f2",
            "directory_permission": "0777",
            "file_permission": "0777",
            "filename": "orange.txt",
            "id": "e4060d7f8d85e06468461ade5a2a3152e99bd108",
            "sensitive_content": null,
            "source": null
          },
          "sensitive_attributes": [
            [
              {
                "type": "get_attr",
                "value": "sensitive_content"
              }
            ]
          ],
          "identity_schema_version": 0
        }
      ]
    }
  ],
  "check_results": null
}
